
Microsoft Visual Studio Solution File, Format Version 12.00
# Visual Studio Version 17
VisualStudioVersion = 17.7.34202.233
MinimumVisualStudioVersion = 10.0.40219.1
Project("{FAE04EC0-301F-11D3-BF4B-00C04F79EFBC}") = "GrandApp", "GrandApp\GrandApp.csproj", "{10125B55-1B67-427B-9B92-E0AD220F8989}"
EndProject
Global
	GlobalSection(SolutionConfigurationPlatforms) = preSolution
		Debug|Any CPU = Debug|Any CPU
		Release|Any CPU = Release|Any CPU
	EndGlobalSection
	GlobalSection(ProjectConfigurationPlatforms) = postSolution
		{10125B55-1B67-427B-9B92-E0AD220F8989}.Debug|Any CPU.ActiveCfg = Debug|Any CPU
		{10125B55-1B67-427B-9B92-E0AD220F8989}.Debug|Any CPU.Build.0 = Debug|Any CPU
		{10125B55-1B67-427B-9B92-E0AD220F8989}.Release|Any CPU.ActiveCfg = Release|Any CPU
		{10125B55-1B67-427B-9B92-E0AD220F8989}.Release|Any CPU.Build.0 = Release|Any CPU
	EndGlobalSection
	GlobalSection(SolutionProperties) = preSolution
		HideSolutionNode = FALSE
	EndGlobalSection
	GlobalSection(ExtensibilityGlobals) = postSolution
		SolutionGuid = {5430CE2D-190F-4E64-B858-36FCCDD53AC7}
	EndGlobalSection
EndGlobal
